# This file is automatically @generated by Cargo.
# It is not intended for manual editing.
version = 4

[[package]]
name = "libc"
version = "0.2.189"
source = "registry+https://github.com/rust-lang/crates.io-index"
checksum = "3eaf3ede3fee6db1a4c2ee091bf8a8b4dccdc6d17f656fb07896ee72867612f2"

[[package]]
name = "mint"
version = "0.5.9"
source = "registry+https://github.com/rust-lang/crates.io-index"
checksum = "e53debba6bda7a793e5f99b8dacf19e626084f525f7829104ba9898f367d85ff"

[[package]]
name = "panic-message"
version = "0.3.0"
source = "registry+https://github.com/rust-lang/crates.io-index"
checksum = "384e52fd8fbd4cbe3c317e8216260c21a0f9134de108cea8a4dd4e7e152c472d"

[[package]]
name = "ufbx"
version = "0.11.2"
dependencies = [
 "libc",
 "mint",
 "panic-message",
]
